// !$*UTF8*$!
{
	archiveVersion = 1;
	classes = {
	};
	objectVersion = 56;
	objects = {

/* Begin PBXBuildFile section */
		22B438151327408993E60609 /* dice_roll.mp3 in Resources */ = {isa = PBXBuildFile; fileRef = 51FD9641CC454A73BDF579B4 /* dice_roll.mp3 */; };
		40C7BDF4CC0B496F85C3DDBE /* ContentView.swift in Sources */ = {isa = PBXBuildFile; fileRef = 6B915AC894D14B1987202304 /* ContentView.swift */; };
		61FB4567C7EB481D981BDD60 /* DiceView.swift in Sources */ = {isa = PBXBuildFile; fileRef = A70FF31986C5402881268FB5 /* DiceView.swift */; };
		88D8DE4B7A334BDC87D76AB5 /* ShakeDetector.swift in Sources */ = {isa = PBXBuildFile; fileRef = 4555AF370B844842A0749C54 /* ShakeDetector.swift */; };
		9478CCD29CDA4197A2890BE3 /* SoundManager.swift in Sources */ = {isa = PBXBuildFile; fileRef = AB699F3A88B94F8FA4FA1327 /* SoundManager.swift */; };
		9AB4A2A6616E4C0BA3E31FEE /* SettingsView.swift in Sources */ = {isa = PBXBuildFile; fileRef = 51DBC3B40B6D4414BC6F854F /* SettingsView.swift */; };
		A43FCFBE4468425680CE4771 /* SettingsStore.swift in Sources */ = {isa = PBXBuildFile; fileRef = AA15D8059B324A2DAEE16D6E /* SettingsStore.swift */; };
		A67E4B4AEBF545689815C5B8 /* SimplyDiceApp.swift in Sources */ = {isa = PBXBuildFile; fileRef = ECFD568AF1624EEABB54470B /* SimplyDiceApp.swift */; };
		C58D08F6A5AB4928B5F9D496 /* Assets.xcassets in Resources */ = {isa = PBXBuildFile; fileRef = 6FBDECB9D59F4525BE5C0723 /* Assets.xcassets */; };
/* End PBXBuildFile section */

/* Begin PBXFileReference section */
		4555AF370B844842A0749C54 /* ShakeDetector.swift */ = {isa = PBXFileReference; lastKnownFileType = sourcecode.swift; path = ShakeDetector.swift; sourceTree = "<group>"; };
		51DBC3B40B6D4414BC6F854F /* SettingsView.swift */ = {isa = PBXFileReference; lastKnownFileType = sourcecode.swift; path = SettingsView.swift; sourceTree = "<group>"; };
		51FD9641CC454A73BDF579B4 /* dice_roll.mp3 */ = {isa = PBXFileReference; lastKnownFileType = audio.mp3; path = dice_roll.mp3; sourceTree = "<group>"; };
		6B915AC894D14B1987202304 /* ContentView.swift */ = {isa = PBXFileReference; lastKnownFileType = sourcecode.swift; path = ContentView.swift; sourceTree = "<group>"; };
		6FBDECB9D59F4525BE5C0723 /* Assets.xcassets */ = {isa = PBXFileReference; lastKnownFileType = folder.assetcatalog; path = Assets.xcassets; sourceTree = "<group>"; };
		71B84F787D7546FDA9C32907 /* Info.plist */ = {isa = PBXFileReference; lastKnownFileType = text.plist.xml; path = Info.plist; sourceTree = "<group>"; };
		7320EAF2F76540ADAA034240 /* SimplyDice.app */ = {isa = PBXFileReference; explicitFileType = wrapper.application; includeInIndex = 0; path = SimplyDice.app; sourceTree = BUILT_PRODUCTS_DIR; };
		A70FF31986C5402881268FB5 /* DiceView.swift */ = {isa = PBXFileReference; lastKnownFileType = sourcecode.swift; path = DiceView.swift; sourceTree = "<group>"; };
		AA15D8059B324A2DAEE16D6E /* SettingsStore.swift */ = {isa = PBXFileReference; lastKnownFileType = sourcecode.swift; path = SettingsStore.swift; sourceTree = "<group>"; };
		AB699F3A88B94F8FA4FA1327 /* SoundManager.swift */ = {isa = PBXFileReference; lastKnownFileType = sourcecode.swift; path = SoundManager.swift; sourceTree = "<group>"; };
		ECFD568AF1624EEABB54470B /* SimplyDiceApp.swift */ = {isa = PBXFileReference; lastKnownFileType = sourcecode.swift; path = SimplyDiceApp.swift; sourceTree = "<group>"; };
/* End PBXFileReference section */

/* Begin PBXFrameworksBuildPhase section */
		AEBFAB89B5E44547A60E2FDE /* Frameworks */ = {
			isa = PBXFrameworksBuildPhase;
			buildActionMask = 2147483647;
			files = (
			);
			runOnlyForDeploymentPostprocessing = 0;
		};
/* End PBXFrameworksBuildPhase section */

/* Begin PBXGroup section */
		40FA9E524FC0438CB3D34E63 /* SimplyDice */ = {
			isa = PBXGroup;
			children = (
				ECFD568AF1624EEABB54470B /* SimplyDiceApp.swift */,
				6B915AC894D14B1987202304 /* ContentView.swift */,
				A70FF31986C5402881268FB5 /* DiceView.swift */,
				51DBC3B40B6D4414BC6F854F /* SettingsView.swift */,
				4555AF370B844842A0749C54 /* ShakeDetector.swift */,
				AB699F3A88B94F8FA4FA1327 /* SoundManager.swift */,
				AA15D8059B324A2DAEE16D6E /* SettingsStore.swift */,
				51FD9641CC454A73BDF579B4 /* dice_roll.mp3 */,
				6FBDECB9D59F4525BE5C0723 /* Assets.xcassets */,
				71B84F787D7546FDA9C32907 /* Info.plist */,
			);
			path = SimplyDice;
			sourceTree = "<group>";
		};
		B85CD6981F8444FE82508132 /* Products */ = {
			isa = PBXGroup;
			children = (
				7320EAF2F76540ADAA034240 /* SimplyDice.app */,
			);
			name = Products;
			sourceTree = "<group>";
		};
		C3ED7BD83BE6497FB36A8D31 = {
			isa = PBXGroup;
			children = (
				40FA9E524FC0438CB3D34E63 /* SimplyDice */,
				B85CD6981F8444FE82508132 /* Products */,
			);
			sourceTree = "<group>";
		};
/* End PBXGroup section */

/* Begin PBXNativeTarget section */
		730816D0CEBC403394CB7672 /* SimplyDice */ = {
			isa = PBXNativeTarget;
			buildConfigurationList = 20883D53EC74475FA239CA2D /* Build configuration list for PBXNativeTarget "SimplyDice" */;
			buildPhases = (
				DB152BA389FB426F8ADCD700 /* Sources */,
				AEBFAB89B5E44547A60E2FDE /* Frameworks */,
				AC77B8F3294B486BBD6B74A2 /* Resources */,
			);
			buildRules = (
			);
			dependencies = (
			);
			name = SimplyDice;
			productName = SimplyDice;
			productReference = 7320EAF2F76540ADAA034240 /* SimplyDice.app */;
			productType = "com.apple.product-type.application";
		};
/* End PBXNativeTarget section */

/* Begin PBXProject section */
		D9E1643BFB3347E2BDBD6AA4 /* Project object */ = {
			isa = PBXProject;
			attributes = {
				BuildIndependentTargetsInParallel = 1;
				LastSwiftUpdateCheck = 1500;
				LastUpgradeCheck = 1500;
				TargetAttributes = {
					730816D0CEBC403394CB7672 = {
						CreatedOnToolsVersion = 15.0;
					};
				};
			};
			buildConfigurationList = 842E654DE32944CF93074DB2 /* Build configuration list for PBXProject "SimplyDice" */;
			compatibilityVersion = "Xcode 14.0";
			developmentRegion = en;
			hasScannedForEncodings = 0;
			knownRegions = (
				en,
				Base,
			);
			mainGroup = C3ED7BD83BE6497FB36A8D31;
			productRefGroup = B85CD6981F8444FE82508132 /* Products */;
			projectDirPath = "";
			projectRoot = "";
			targets = (
				730816D0CEBC403394CB7672 /* SimplyDice */,
			);
		};
/* End PBXProject section */

/* Begin PBXResourcesBuildPhase section */
		AC77B8F3294B486BBD6B74A2 /* Resources */ = {
			isa = PBXResourcesBuildPhase;
			buildActionMask = 2147483647;
			files = (
				22B438151327408993E60609 /* dice_roll.mp3 in Resources */,
				C58D08F6A5AB4928B5F9D496 /* Assets.xcassets in Resources */,
			);
			runOnlyForDeploymentPostprocessing = 0;
		};
/* End PBXResourcesBuildPhase section */

/* Begin PBXSourcesBuildPhase section */
		DB152BA389FB426F8ADCD700 /* Sources */ = {
			isa = PBXSourcesBuildPhase;
			buildActionMask = 2147483647;
			files = (
				A67E4B4AEBF545689815C5B8 /* SimplyDiceApp.swift in Sources */,
				40C7BDF4CC0B496F85C3DDBE /* ContentView.swift in Sources */,
				61FB4567C7EB481D981BDD60 /* DiceView.swift in Sources */,
				9AB4A2A6616E4C0BA3E31FEE /* SettingsView.swift in Sources */,
				88D8DE4B7A334BDC87D76AB5 /* ShakeDetector.swift in Sources */,
				9478CCD29CDA4197A2890BE3 /* SoundManager.swift in Sources */,
				A43FCFBE4468425680CE4771 /* SettingsStore.swift in Sources */,
			);
			runOnlyForDeploymentPostprocessing = 0;
		};
/* End PBXSourcesBuildPhase section */

/* Begin XCBuildConfiguration section */
		2C6ACCACD05F454D9D849B9E /* Debug */ = {
			isa = XCBuildConfiguration;
			buildSettings = {
				ALWAYS_SEARCH_USER_PATHS = NO;
				ASSETCATALOG_COMPILER_GENERATE_SWIFT_ASSET_SYMBOL_EXTENSIONS = YES;
				CLANG_ANALYZER_NONNULL = YES;
				CLANG_ANALYZER_NUMBER_OBJECT_CONVERSION = YES_AGGRESSIVE;
				CLANG_CXX_LANGUAGE_STANDARD = "gnu++20";
				CLANG_ENABLE_MODULES = YES;
				CLANG_ENABLE_OBJC_ARC = YES;
				CLANG_ENABLE_OBJC_WEAK = YES;
				CLANG_WARN_BLOCK_CAPTURE_AUTORELEASING = YES;
				CLANG_WARN_BOOL_CONVERSION = YES;
				CLANG_WARN_COMMA = YES;
				CLANG_WARN_CONSTANT_CONVERSION = YES;
				CLANG_WARN_DEPRECATED_OBJC_IMPLEMENTATIONS = YES;
				CLANG_WARN_DIRECT_OBJC_ISA_USAGE = YES_ERROR;
				CLANG_WARN_DOCUMENTATION_COMMENTS = YES;
				CLANG_WARN_EMPTY_BODY = YES;
				CLANG_WARN_ENUM_CONVERSION = YES;
				CLANG_WARN_INFINITE_RECURSION = YES;
				CLANG_WARN_INT_CONVERSION = YES;
				CLANG_WARN_NON_LITERAL_NULL_CONVERSION = YES;
				CLANG_WARN_OBJC_IMPLICIT_RETAIN_CYCLE = YES;
				CLANG_WARN_OBJC_LITERAL_CONVERSION = YES;
				CLANG_WARN_OBJC_ROOT_CLASS = YES_ERROR;
				CLANG_WARN_QUOTED_INCLUDE_IN_FRAMEWORK_HEADER = YES;
				CLANG_WARN_RANGE_LOOP_ANALYSIS = YES;
				CLANG_WARN_STRICT_PROTOTYPES = YES;
				CLANG_WARN_SUSPICIOUS_MOVE = YES;
				CLANG_WARN_UNGUARDED_AVAILABILITY = YES_AGGRESSIVE;
				CLANG_WARN_UNREACHABLE_CODE = YES;
				CLANG_WARN__DUPLICATE_METHOD_MATCH = YES;
				COPY_PHASE_STRIP = NO;
				DEBUG_INFORMATION_FORMAT = dwarf;
				ENABLE_STRICT_OBJC_MSGSEND = YES;
				ENABLE_TESTABILITY = YES;
				ENABLE_USER_SCRIPT_SANDBOXING = YES;
				GCC_C_LANGUAGE_STANDARD = gnu17;
				GCC_DYNAMIC_NO_PIC = NO;
				GCC_NO_COMMON_BLOCKS = YES;
				GCC_OPTIMIZATION_LEVEL = 0;
				GCC_PREPROCESSOR_DEFINITIONS = (
					"DEBUG=1",
					"$(inherited)",
				);
				GCC_WARN_64_TO_32_BIT_CONVERSION = YES;
				GCC_WARN_ABOUT_RETURN_TYPE = YES_ERROR;
				GCC_WARN_UNDECLARED_SELECTOR = YES;
				GCC_WARN_UNINITIALIZED_AUTOS = YES_AGGRESSIVE;
				GCC_WARN_UNUSED_FUNCTION = YES;
				GCC_WARN_UNUSED_VARIABLE = YES;
				IPHONEOS_DEPLOYMENT_TARGET = 17.0;
				MTL_ENABLE_DEBUG_INFO = INCLUDE_SOURCE;
				MTL_FAST_MATH = YES;
				ONLY_ACTIVE_ARCH = YES;
				SDKROOT = iphoneos;
				SWIFT_ACTIVE_COMPILATION_CONDITIONS = "DEBUG $(inherited)";
				SWIFT_OPTIMIZATION_LEVEL = "-Onone";
			};
			name = Debug;
		};
		503C685769034527BE429B6E /* Release */ = {
			isa = XCBuildConfiguration;
			buildSettings = {
				ALWAYS_SEARCH_USER_PATHS = NO;
				ASSETCATALOG_COMPILER_GENERATE_SWIFT_ASSET_SYMBOL_EXTENSIONS = YES;
				CLANG_ANALYZER_NONNULL = YES;
				CLANG_ANALYZER_NUMBER_OBJECT_CONVERSION = YES_AGGRESSIVE;
				CLANG_CXX_LANGUAGE_STANDARD = "gnu++20";
				CLANG_ENABLE_MODULES = YES;
				CLANG_ENABLE_OBJC_ARC = YES;
				CLANG_ENABLE_OBJC_WEAK = YES;
				CLANG_WARN_BLOCK_CAPTURE_AUTORELEASING = YES;
				CLANG_WARN_BOOL_CONVERSION = YES;
				CLANG_WARN_COMMA = YES;
				CLANG_WARN_CONSTANT_CONVERSION = YES;
				CLANG_WARN_DEPRECATED_OBJC_IMPLEMENTATIONS = YES;
				CLANG_WARN_DIRECT_OBJC_ISA_USAGE = YES_ERROR;
				CLANG_WARN_DOCUMENTATION_COMMENTS = YES;
				CLANG_WARN_EMPTY_BODY = YES;
				CLANG_WARN_ENUM_CONVERSION = YES;
				CLANG_WARN_INFINITE_RECURSION = YES;
				CLANG_WARN_INT_CONVERSION = YES;
				CLANG_WARN_NON_LITERAL_NULL_CONVERSION = YES;
				CLANG_WARN_OBJC_IMPLICIT_RETAIN_CYCLE = YES;
				CLANG_WARN_OBJC_LITERAL_CONVERSION = YES;
				CLANG_WARN_OBJC_ROOT_CLASS = YES_ERROR;
				CLANG_WARN_QUOTED_INCLUDE_IN_FRAMEWORK_HEADER = YES;
				CLANG_WARN_RANGE_LOOP_ANALYSIS = YES;
				CLANG_WARN_STRICT_PROTOTYPES = YES;
				CLANG_WARN_SUSPICIOUS_MOVE = YES;
				CLANG_WARN_UNGUARDED_AVAILABILITY = YES_AGGRESSIVE;
				CLANG_WARN_UNREACHABLE_CODE = YES;
				CLANG_WARN__DUPLICATE_METHOD_MATCH = YES;
				COPY_PHASE_STRIP = NO;
				DEBUG_INFORMATION_FORMAT = "dwarf-with-dsym";
				ENABLE_NS_ASSERTIONS = NO;
				ENABLE_STRICT_OBJC_MSGSEND = YES;
				ENABLE_USER_SCRIPT_SANDBOXING = YES;
				GCC_C_LANGUAGE_STANDARD = gnu17;
				GCC_NO_COMMON_BLOCKS = YES;
				GCC_WARN_64_TO_32_BIT_CONVERSION = YES;
				GCC_WARN_ABOUT_RETURN_TYPE = YES_ERROR;
				GCC_WARN_UNDECLARED_SELECTOR = YES;
				GCC_WARN_UNINITIALIZED_AUTOS = YES_AGGRESSIVE;
				GCC_WARN_UNUSED_FUNCTION = YES;
				GCC_WARN_UNUSED_VARIABLE = YES;
				IPHONEOS_DEPLOYMENT_TARGET = 17.0;
				MTL_FAST_MATH = YES;
				SDKROOT = iphoneos;
				SWIFT_COMPILATION_MODE = wholemodule;
				VALIDATE_PRODUCT = YES;
			};
			name = Release;
		};
		ACD3F8F7C161415BBFC043C9 /* Release */ = {
			isa = XCBuildConfiguration;
			buildSettings = {
				ASSETCATALOG_COMPILER_APPICON_NAME = AppIcon;
				ASSETCATALOG_COMPILER_GLOBAL_ACCENT_COLOR_NAME = AccentColor;
				CODE_SIGN_STYLE = Automatic;
				CURRENT_PROJECT_VERSION = 1;
				DEVELOPMENT_ASSET_PATHS = "";
				DEVELOPMENT_TEAM = U9LBQ92ZD2;
				ENABLE_PREVIEWS = YES;
				GENERATE_INFOPLIST_FILE = NO;
				INFOPLIST_FILE = SimplyDice/Info.plist;
				INFOPLIST_KEY_UIApplicationSupportsIndirectInputEvents = YES;
				INFOPLIST_KEY_UILaunchScreen_Generation = YES;
				INFOPLIST_KEY_UIStatusBarStyle = UIStatusBarStyleLightContent;
				INFOPLIST_KEY_UISupportedInterfaceOrientations_iPad = "UIInterfaceOrientationPortrait UIInterfaceOrientationPortraitUpsideDown UIInterfaceOrientationLandscapeLeft UIInterfaceOrientationLandscapeRight";
				INFOPLIST_KEY_UISupportedInterfaceOrientations_iPhone = "UIInterfaceOrientationPortrait UIInterfaceOrientationLandscapeLeft UIInterfaceOrientationLandscapeRight";
				LD_RUNPATH_SEARCH_PATHS = (
					"$(inherited)",
					"@executable_path/Frameworks",
				);
				MARKETING_VERSION = 1.0.0;
				PRODUCT_BUNDLE_IDENTIFIER = com.jackcompton.SimplyDice;
				PRODUCT_NAME = "$(TARGET_NAME)";
				SWIFT_EMIT_LOC_STRINGS = YES;
				SWIFT_VERSION = 5.0;
				TARGETED_DEVICE_FAMILY = "1,2";
			};
			name = Release;
		};
		B1ED48488F934B06B7718D6D /* Debug */ = {
			isa = XCBuildConfiguration;
			buildSettings = {
				ASSETCATALOG_COMPILER_APPICON_NAME = AppIcon;
				ASSETCATALOG_COMPILER_GLOBAL_ACCENT_COLOR_NAME = AccentColor;
				CODE_SIGN_STYLE = Automatic;
				CURRENT_PROJECT_VERSION = 1;
				DEVELOPMENT_ASSET_PATHS = "";
				DEVELOPMENT_TEAM = U9LBQ92ZD2;
				ENABLE_PREVIEWS = YES;
				GENERATE_INFOPLIST_FILE = NO;
				INFOPLIST_FILE = SimplyDice/Info.plist;
				INFOPLIST_KEY_UIApplicationSupportsIndirectInputEvents = YES;
				INFOPLIST_KEY_UILaunchScreen_Generation = YES;
				INFOPLIST_KEY_UIStatusBarStyle = UIStatusBarStyleLightContent;
				INFOPLIST_KEY_UISupportedInterfaceOrientations_iPad = "UIInterfaceOrientationPortrait UIInterfaceOrientationPortraitUpsideDown UIInterfaceOrientationLandscapeLeft UIInterfaceOrientationLandscapeRight";
				INFOPLIST_KEY_UISupportedInterfaceOrientations_iPhone = "UIInterfaceOrientationPortrait UIInterfaceOrientationLandscapeLeft UIInterfaceOrientationLandscapeRight";
				LD_RUNPATH_SEARCH_PATHS = (
					"$(inherited)",
					"@executable_path/Frameworks",
				);
				MARKETING_VERSION = 1.0.0;
				PRODUCT_BUNDLE_IDENTIFIER = com.jackcompton.SimplyDice;
				PRODUCT_NAME = "$(TARGET_NAME)";
				SWIFT_EMIT_LOC_STRINGS = YES;
				SWIFT_VERSION = 5.0;
				TARGETED_DEVICE_FAMILY = "1,2";
			};
			name = Debug;
		};
/* End XCBuildConfiguration section */

/* Begin XCConfigurationList section */
		20883D53EC74475FA239CA2D /* Build configuration list for PBXNativeTarget "SimplyDice" */ = {
			isa = XCConfigurationList;
			buildConfigurations = (
				B1ED48488F934B06B7718D6D /* Debug */,
				ACD3F8F7C161415BBFC043C9 /* Release */,
			);
			defaultConfigurationIsVisible = 0;
			defaultConfigurationName = Release;
		};
		842E654DE32944CF93074DB2 /* Build configuration list for PBXProject "SimplyDice" */ = {
			isa = XCConfigurationList;
			buildConfigurations = (
				2C6ACCACD05F454D9D849B9E /* Debug */,
				503C685769034527BE429B6E /* Release */,
			);
			defaultConfigurationIsVisible = 0;
			defaultConfigurationName = Release;
		};
/* End XCConfigurationList section */
	};
	rootObject = D9E1643BFB3347E2BDBD6AA4 /* Project object */;
}
